
Microsoft Visual Studio Solution File, Format Version 12.00
# Visual Studio 15
VisualStudioVersion = 15.0.27924.0
MinimumVisualStudioVersion = 10.0.40219.1
Project("{2150E333-8FDC-42A3-9474-1A3956D46DE8}") = "src", "src", "{0DDFD815-59AF-4A46-8C52-CD6C05F7317B}"
EndProject
Project("{FAE04EC0-301F-11D3-BF4B-00C04F79EFBC}") = "AttestedDev.Domain.Events.Abstractions", "src\AttestedDev.Domain.Events.Abstractions\AttestedDev.Domain.Events.Abstractions.csproj", "{2D00AAA7-ECB1-4D86-BCCE-60CBDDE9304D}"
EndProject
Project("{FAE04EC0-301F-11D3-BF4B-00C04F79EFBC}") = "AttestedDev.Domain.Events", "src\AttestedDev.Domain.Events\AttestedDev.Domain.Events.csproj", "{50DD1AE4-2AAC-42D9-A3CA-A9D51A285767}"
EndProject
Global
	GlobalSection(SolutionConfigurationPlatforms) = preSolution
		Debug|Any CPU = Debug|Any CPU
		Release|Any CPU = Release|Any CPU
	EndGlobalSection
	GlobalSection(ProjectConfigurationPlatforms) = postSolution
		{2D00AAA7-ECB1-4D86-BCCE-60CBDDE9304D}.Debug|Any CPU.ActiveCfg = Debug|Any CPU
		{2D00AAA7-ECB1-4D86-BCCE-60CBDDE9304D}.Debug|Any CPU.Build.0 = Debug|Any CPU
		{2D00AAA7-ECB1-4D86-BCCE-60CBDDE9304D}.Release|Any CPU.ActiveCfg = Release|Any CPU
		{2D00AAA7-ECB1-4D86-BCCE-60CBDDE9304D}.Release|Any CPU.Build.0 = Release|Any CPU
		{50DD1AE4-2AAC-42D9-A3CA-A9D51A285767}.Debug|Any CPU.ActiveCfg = Debug|Any CPU
		{50DD1AE4-2AAC-42D9-A3CA-A9D51A285767}.Debug|Any CPU.Build.0 = Debug|Any CPU
		{50DD1AE4-2AAC-42D9-A3CA-A9D51A285767}.Release|Any CPU.ActiveCfg = Release|Any CPU
		{50DD1AE4-2AAC-42D9-A3CA-A9D51A285767}.Release|Any CPU.Build.0 = Release|Any CPU
	EndGlobalSection
	GlobalSection(SolutionProperties) = preSolution
		HideSolutionNode = FALSE
	EndGlobalSection
	GlobalSection(NestedProjects) = preSolution
		{2D00AAA7-ECB1-4D86-BCCE-60CBDDE9304D} = {0DDFD815-59AF-4A46-8C52-CD6C05F7317B}
		{50DD1AE4-2AAC-42D9-A3CA-A9D51A285767} = {0DDFD815-59AF-4A46-8C52-CD6C05F7317B}
	EndGlobalSection
	GlobalSection(ExtensibilityGlobals) = postSolution
		SolutionGuid = {9E464DAC-BDA3-4998-9E77-B2F646DEB095}
	EndGlobalSection
EndGlobal
